
Microsoft Visual Studio Solution File, Format Version 12.00
# Visual Studio Version 17
VisualStudioVersion = 17.1.31911.260
MinimumVisualStudioVersion = 10.0.40219.1
Project("{FAE04EC0-301F-11D3-BF4B-00C04F79EFBC}") = "VideoSearcherAPI", "VideoSearcherAPI\VideoSearcherAPI.csproj", "{67B730B4-706C-4CB5-AC56-D248FF56F604}"
EndProject
Global
	GlobalSection(SolutionConfigurationPlatforms) = preSolution
		Debug|Any CPU = Debug|Any CPU
		Release|Any CPU = Release|Any CPU
	EndGlobalSection
	GlobalSection(ProjectConfigurationPlatforms) = postSolution
		{67B730B4-706C-4CB5-AC56-D248FF56F604}.Debug|Any CPU.ActiveCfg = Debug|Any CPU
		{67B730B4-706C-4CB5-AC56-D248FF56F604}.Debug|Any CPU.Build.0 = Debug|Any CPU
		{67B730B4-706C-4CB5-AC56-D248FF56F604}.Release|Any CPU.ActiveCfg = Release|Any CPU
		{67B730B4-706C-4CB5-AC56-D248FF56F604}.Release|Any CPU.Build.0 = Release|Any CPU
	EndGlobalSection
	GlobalSection(SolutionProperties) = preSolution
		HideSolutionNode = FALSE
	EndGlobalSection
	GlobalSection(ExtensibilityGlobals) = postSolution
		SolutionGuid = {2C1EC456-0837-4077-888C-6443CDEDC6F0}
	EndGlobalSection
EndGlobal
